
Microsoft Visual Studio Solution File, Format Version 12.00
# Visual Studio Version 17
VisualStudioVersion = 17.0.31903.59
MinimumVisualStudioVersion = 10.0.40219.1
Project("{FAE04EC0-301F-11D3-BF4B-00C04F79EFBC}") = "ActorServer", "ActorServer\ActorServer.csproj", "{A9A01704-00C5-4A76-B6AB-94D5012A3B9A}"
EndProject
Project("{FAE04EC0-301F-11D3-BF4B-00C04F79EFBC}") = "ActorClient", "ActorClient\ActorClient.csproj", "{F9C3FCA6-831E-4F9A-9284-A4FDDDEB435C}"
EndProject
Project("{FAE04EC0-301F-11D3-BF4B-00C04F79EFBC}") = "AuthServer", "AuthServer\AuthServer.csproj", "{98DA70CB-D341-44D4-B6B2-E3547BC86983}"
EndProject
Project("{2150E333-8FDC-42A3-9474-1A3956D46DE8}") = "Test", "Test", "{0C88DD14-F956-CE84-757C-A364CCF449FC}"
EndProject
Project("{2150E333-8FDC-42A3-9474-1A3956D46DE8}") = "ActorServer.Tests", "ActorServer.Tests", "{D60333AB-9005-B6E5-D5E9-EE2E13C343BD}"
EndProject
Project("{FAE04EC0-301F-11D3-BF4B-00C04F79EFBC}") = "Actorserver.Tests", "Test\ActorServer.Tests\Actorserver.Tests.csproj", "{BF8D280B-1771-40D8-97BC-473C567D1928}"
EndProject
Project("{FAE04EC0-301F-11D3-BF4B-00C04F79EFBC}") = "AuthServer.Tests", "Test\AuthServer.Tests\AuthServer.Tests.csproj", "{B2FCBF3F-63D3-457F-A628-D6C9C25EA67C}"
EndProject
Global
	GlobalSection(SolutionConfigurationPlatforms) = preSolution
		Debug|Any CPU = Debug|Any CPU
		Debug|x64 = Debug|x64
		Debug|x86 = Debug|x86
		Release|Any CPU = Release|Any CPU
		Release|x64 = Release|x64
		Release|x86 = Release|x86
	EndGlobalSection
	GlobalSection(ProjectConfigurationPlatforms) = postSolution
		{A9A01704-00C5-4A76-B6AB-94D5012A3B9A}.Debug|Any CPU.ActiveCfg = Debug|Any CPU
		{A9A01704-00C5-4A76-B6AB-94D5012A3B9A}.Debug|Any CPU.Build.0 = Debug|Any CPU
		{A9A01704-00C5-4A76-B6AB-94D5012A3B9A}.Debug|x64.ActiveCfg = Debug|Any CPU
		{A9A01704-00C5-4A76-B6AB-94D5012A3B9A}.Debug|x64.Build.0 = Debug|Any CPU
		{A9A01704-00C5-4A76-B6AB-94D5012A3B9A}.Debug|x86.ActiveCfg = Debug|Any CPU
		{A9A01704-00C5-4A76-B6AB-94D5012A3B9A}.Debug|x86.Build.0 = Debug|Any CPU
		{A9A01704-00C5-4A76-B6AB-94D5012A3B9A}.Release|Any CPU.ActiveCfg = Release|Any CPU
		{A9A01704-00C5-4A76-B6AB-94D5012A3B9A}.Release|Any CPU.Build.0 = Release|Any CPU
		{A9A01704-00C5-4A76-B6AB-94D5012A3B9A}.Release|x64.ActiveCfg = Release|Any CPU
		{A9A01704-00C5-4A76-B6AB-94D5012A3B9A}.Release|x64.Build.0 = Release|Any CPU
		{A9A01704-00C5-4A76-B6AB-94D5012A3B9A}.Release|x86.ActiveCfg = Release|Any CPU
		{A9A01704-00C5-4A76-B6AB-94D5012A3B9A}.Release|x86.Build.0 = Release|Any CPU
		{F9C3FCA6-831E-4F9A-9284-A4FDDDEB435C}.Debug|Any CPU.ActiveCfg = Debug|Any CPU
		{F9C3FCA6-831E-4F9A-9284-A4FDDDEB435C}.Debug|Any CPU.Build.0 = Debug|Any CPU
		{F9C3FCA6-831E-4F9A-9284-A4FDDDEB435C}.Debug|x64.ActiveCfg = Debug|Any CPU
		{F9C3FCA6-831E-4F9A-9284-A4FDDDEB435C}.Debug|x64.Build.0 = Debug|Any CPU
		{F9C3FCA6-831E-4F9A-9284-A4FDDDEB435C}.Debug|x86.ActiveCfg = Debug|Any CPU
		{F9C3FCA6-831E-4F9A-9284-A4FDDDEB435C}.Debug|x86.Build.0 = Debug|Any CPU
		{F9C3FCA6-831E-4F9A-9284-A4FDDDEB435C}.Release|Any CPU.ActiveCfg = Release|Any CPU
		{F9C3FCA6-831E-4F9A-9284-A4FDDDEB435C}.Release|Any CPU.Build.0 = Release|Any CPU
		{F9C3FCA6-831E-4F9A-9284-A4FDDDEB435C}.Release|x64.ActiveCfg = Release|Any CPU
		{F9C3FCA6-831E-4F9A-9284-A4FDDDEB435C}.Release|x64.Build.0 = Release|Any CPU
		{F9C3FCA6-831E-4F9A-9284-A4FDDDEB435C}.Release|x86.ActiveCfg = Release|Any CPU
		{F9C3FCA6-831E-4F9A-9284-A4FDDDEB435C}.Release|x86.Build.0 = Release|Any CPU
		{98DA70CB-D341-44D4-B6B2-E3547BC86983}.Debug|Any CPU.ActiveCfg = Debug|Any CPU
		{98DA70CB-D341-44D4-B6B2-E3547BC86983}.Debug|Any CPU.Build.0 = Debug|Any CPU
		{98DA70CB-D341-44D4-B6B2-E3547BC86983}.Debug|x64.ActiveCfg = Debug|Any CPU
		{98DA70CB-D341-44D4-B6B2-E3547BC86983}.Debug|x64.Build.0 = Debug|Any CPU
		{98DA70CB-D341-44D4-B6B2-E3547BC86983}.Debug|x86.ActiveCfg = Debug|Any CPU
		{98DA70CB-D341-44D4-B6B2-E3547BC86983}.Debug|x86.Build.0 = Debug|Any CPU
		{98DA70CB-D341-44D4-B6B2-E3547BC86983}.Release|Any CPU.ActiveCfg = Release|Any CPU
		{98DA70CB-D341-44D4-B6B2-E3547BC86983}.Release|Any CPU.Build.0 = Release|Any CPU
		{98DA70CB-D341-44D4-B6B2-E3547BC86983}.Release|x64.ActiveCfg = Release|Any CPU
		{98DA70CB-D341-44D4-B6B2-E3547BC86983}.Release|x64.Build.0 = Release|Any CPU
		{98DA70CB-D341-44D4-B6B2-E3547BC86983}.Release|x86.ActiveCfg = Release|Any CPU
		{98DA70CB-D341-44D4-B6B2-E3547BC86983}.Release|x86.Build.0 = Release|Any CPU
		{BF8D280B-1771-40D8-97BC-473C567D1928}.Debug|Any CPU.ActiveCfg = Debug|Any CPU
		{BF8D280B-1771-40D8-97BC-473C567D1928}.Debug|Any CPU.Build.0 = Debug|Any CPU
		{BF8D280B-1771-40D8-97BC-473C567D1928}.Debug|x64.ActiveCfg = Debug|Any CPU
		{BF8D280B-1771-40D8-97BC-473C567D1928}.Debug|x64.Build.0 = Debug|Any CPU
		{BF8D280B-1771-40D8-97BC-473C567D1928}.Debug|x86.ActiveCfg = Debug|Any CPU
		{BF8D280B-1771-40D8-97BC-473C567D1928}.Debug|x86.Build.0 = Debug|Any CPU
		{BF8D280B-1771-40D8-97BC-473C567D1928}.Release|Any CPU.ActiveCfg = Release|Any CPU
		{BF8D280B-1771-40D8-97BC-473C567D1928}.Release|Any CPU.Build.0 = Release|Any CPU
		{BF8D280B-1771-40D8-97BC-473C567D1928}.Release|x64.ActiveCfg = Release|Any CPU
		{BF8D280B-1771-40D8-97BC-473C567D1928}.Release|x64.Build.0 = Release|Any CPU
		{BF8D280B-1771-40D8-97BC-473C567D1928}.Release|x86.ActiveCfg = Release|Any CPU
		{BF8D280B-1771-40D8-97BC-473C567D1928}.Release|x86.Build.0 = Release|Any CPU
		{B2FCBF3F-63D3-457F-A628-D6C9C25EA67C}.Debug|Any CPU.ActiveCfg = Debug|Any CPU
		{B2FCBF3F-63D3-457F-A628-D6C9C25EA67C}.Debug|Any CPU.Build.0 = Debug|Any CPU
		{B2FCBF3F-63D3-457F-A628-D6C9C25EA67C}.Debug|x64.ActiveCfg = Debug|Any CPU
		{B2FCBF3F-63D3-457F-A628-D6C9C25EA67C}.Debug|x64.Build.0 = Debug|Any CPU
		{B2FCBF3F-63D3-457F-A628-D6C9C25EA67C}.Debug|x86.ActiveCfg = Debug|Any CPU
		{B2FCBF3F-63D3-457F-A628-D6C9C25EA67C}.Debug|x86.Build.0 = Debug|Any CPU
		{B2FCBF3F-63D3-457F-A628-D6C9C25EA67C}.Release|Any CPU.ActiveCfg = Release|Any CPU
		{B2FCBF3F-63D3-457F-A628-D6C9C25EA67C}.Release|Any CPU.Build.0 = Release|Any CPU
		{B2FCBF3F-63D3-457F-A628-D6C9C25EA67C}.Release|x64.ActiveCfg = Release|Any CPU
		{B2FCBF3F-63D3-457F-A628-D6C9C25EA67C}.Release|x64.Build.0 = Release|Any CPU
		{B2FCBF3F-63D3-457F-A628-D6C9C25EA67C}.Release|x86.ActiveCfg = Release|Any CPU
		{B2FCBF3F-63D3-457F-A628-D6C9C25EA67C}.Release|x86.Build.0 = Release|Any CPU
	EndGlobalSection
	GlobalSection(SolutionProperties) = preSolution
		HideSolutionNode = FALSE
	EndGlobalSection
	GlobalSection(NestedProjects) = preSolution
		{D60333AB-9005-B6E5-D5E9-EE2E13C343BD} = {0C88DD14-F956-CE84-757C-A364CCF449FC}
		{BF8D280B-1771-40D8-97BC-473C567D1928} = {D60333AB-9005-B6E5-D5E9-EE2E13C343BD}
		{B2FCBF3F-63D3-457F-A628-D6C9C25EA67C} = {0C88DD14-F956-CE84-757C-A364CCF449FC}
	EndGlobalSection
EndGlobal
